
Microsoft Visual Studio Solution File, Format Version 12.00
# Visual Studio 15
VisualStudioVersion = 15.0.28307.421
MinimumVisualStudioVersion = 10.0.40219.1
Project("{FAE04EC0-301F-11D3-BF4B-00C04F79EFBC}") = "MTGATool", "MTGATool\MTGATool.csproj", "{7823990B-6FA4-46F0-9A20-30F93FE15D01}"
EndProject
Global
	GlobalSection(SolutionConfigurationPlatforms) = preSolution
		Debug|Any CPU = Debug|Any CPU
		Release|Any CPU = Release|Any CPU
	EndGlobalSection
	GlobalSection(ProjectConfigurationPlatforms) = postSolution
		{7823990B-6FA4-46F0-9A20-30F93FE15D01}.Debug|Any CPU.ActiveCfg = Debug|Any CPU
		{7823990B-6FA4-46F0-9A20-30F93FE15D01}.Debug|Any CPU.Build.0 = Debug|Any CPU
		{7823990B-6FA4-46F0-9A20-30F93FE15D01}.Release|Any CPU.ActiveCfg = Release|Any CPU
		{7823990B-6FA4-46F0-9A20-30F93FE15D01}.Release|Any CPU.Build.0 = Release|Any CPU
	EndGlobalSection
	GlobalSection(SolutionProperties) = preSolution
		HideSolutionNode = FALSE
	EndGlobalSection
	GlobalSection(ExtensibilityGlobals) = postSolution
		SolutionGuid = {3C5F5AF8-6D0B-458D-A23B-885474C84F9A}
	EndGlobalSection
EndGlobal
